
Microsoft Visual Studio Solution File, Format Version 12.00
# Visual Studio Version 17
VisualStudioVersion = 17.9.34622.214
MinimumVisualStudioVersion = 10.0.40219.1
Project("{FAE04EC0-301F-11D3-BF4B-00C04F79EFBC}") = "BoysGameCenter", "BoysGameCenter\BoysGameCenter.csproj", "{B8EB8D7D-A6B2-4FD9-9517-0EBD4F1C5266}"
EndProject
Project("{54435603-DBB4-11D2-8724-00A0C9A8B90C}") = "Setup", "Setup\Setup.vdproj", "{1EFA02F3-82E7-4DD8-8850-265FDD367173}"
EndProject
Global
	GlobalSection(SolutionConfigurationPlatforms) = preSolution
		Debug|Any CPU = Debug|Any CPU
		Release|Any CPU = Release|Any CPU
	EndGlobalSection
	GlobalSection(ProjectConfigurationPlatforms) = postSolution
		{B8EB8D7D-A6B2-4FD9-9517-0EBD4F1C5266}.Debug|Any CPU.ActiveCfg = Debug|Any CPU
		{B8EB8D7D-A6B2-4FD9-9517-0EBD4F1C5266}.Debug|Any CPU.Build.0 = Debug|Any CPU
		{B8EB8D7D-A6B2-4FD9-9517-0EBD4F1C5266}.Release|Any CPU.ActiveCfg = Release|Any CPU
		{B8EB8D7D-A6B2-4FD9-9517-0EBD4F1C5266}.Release|Any CPU.Build.0 = Release|Any CPU
		{1EFA02F3-82E7-4DD8-8850-265FDD367173}.Debug|Any CPU.ActiveCfg = Debug
		{1EFA02F3-82E7-4DD8-8850-265FDD367173}.Release|Any CPU.ActiveCfg = Release
	EndGlobalSection
	GlobalSection(SolutionProperties) = preSolution
		HideSolutionNode = FALSE
	EndGlobalSection
	GlobalSection(ExtensibilityGlobals) = postSolution
		SolutionGuid = {0729DE50-5E0D-4A28-8BFC-869EEB6C8A5E}
	EndGlobalSection
	GlobalSection(SolutionConfigurationPlatforms) = preSolution
		Debug|Any CPU = Debug|Any CPU
		Release|Any CPU = Release|Any CPU
	EndGlobalSection
EndGlobal
